// !$*UTF8*$!
{
	archiveVersion = 1;
	classes = {
	};
	objectVersion = 46;
	objects = {

/* Begin PBXBuildFile section */
		823EEAD51E0BCA7A005D5C9A /* FancyView.swift in Sources */ = {isa = PBXBuildFile; fileRef = 823EEAD41E0BCA7A005D5C9A /* FancyView.swift */; };
		823EEAD81E0BCB2F005D5C9A /* Contants.swift in Sources */ = {isa = PBXBuildFile; fileRef = 823EEAD71E0BCB2F005D5C9A /* Contants.swift */; };
		823EEADA1E0BCD47005D5C9A /* RoundBtn.swift in Sources */ = {isa = PBXBuildFile; fileRef = 823EEAD91E0BCD47005D5C9A /* RoundBtn.swift */; };
		823EEADC1E0BD8A3005D5C9A /* FancyField.swift in Sources */ = {isa = PBXBuildFile; fileRef = 823EEADB1E0BD8A3005D5C9A /* FancyField.swift */; };
		823EEADE1E0BDB99005D5C9A /* FancyBtn.swift in Sources */ = {isa = PBXBuildFile; fileRef = 823EEADD1E0BDB99005D5C9A /* FancyBtn.swift */; };
		825BCDD21E098F5A00A78E59 /* AppDelegate.swift in Sources */ = {isa = PBXBuildFile; fileRef = 825BCDD11E098F5A00A78E59 /* AppDelegate.swift */; };
		825BCDD41E098F5A00A78E59 /* SignInVC.swift in Sources */ = {isa = PBXBuildFile; fileRef = 825BCDD31E098F5A00A78E59 /* SignInVC.swift */; };
		825BCDD71E098F5A00A78E59 /* Main.storyboard in Resources */ = {isa = PBXBuildFile; fileRef = 825BCDD51E098F5A00A78E59 /* Main.storyboard */; };
		825BCDD91E098F5A00A78E59 /* Assets.xcassets in Resources */ = {isa = PBXBuildFile; fileRef = 825BCDD81E098F5A00A78E59 /* Assets.xcassets */; };
		825BCDDC1E098F5A00A78E59 /* LaunchScreen.storyboard in Resources */ = {isa = PBXBuildFile; fileRef = 825BCDDA1E098F5A00A78E59 /* LaunchScreen.storyboard */; };
		825BCDE41E098FC100A78E59 /* GoogleService-Info.plist in Resources */ = {isa = PBXBuildFile; fileRef = 825BCDE31E098FC100A78E59 /* GoogleService-Info.plist */; };
		F91757641F50634C5D67FB87 /* Pods_Social.framework in Frameworks */ = {isa = PBXBuildFile; fileRef = 96B9184F955D4257F4D711BD /* Pods_Social.framework */; };
/* End PBXBuildFile section */

/* Begin PBXFileReference section */
		0EE8F308AC0772DF9289AD81 /* Pods-Social.debug.xcconfig */ = {isa = PBXFileReference; includeInIndex = 1; lastKnownFileType = text.xcconfig; name = "Pods-Social.debug.xcconfig"; path = "Pods/Target Support Files/Pods-Social/Pods-Social.debug.xcconfig"; sourceTree = "<group>"; };
		7EB2356608FEE26A1AF16F5C /* Pods-Social.release.xcconfig */ = {isa = PBXFileReference; includeInIndex = 1; lastKnownFileType = text.xcconfig; name = "Pods-Social.release.xcconfig"; path = "Pods/Target Support Files/Pods-Social/Pods-Social.release.xcconfig"; sourceTree = "<group>"; };
		823EEAD41E0BCA7A005D5C9A /* FancyView.swift */ = {isa = PBXFileReference; fileEncoding = 4; lastKnownFileType = sourcecode.swift; path = FancyView.swift; sourceTree = "<group>"; };
		823EEAD71E0BCB2F005D5C9A /* Contants.swift */ = {isa = PBXFileReference; fileEncoding = 4; lastKnownFileType = sourcecode.swift; path = Contants.swift; sourceTree = "<group>"; };
		823EEAD91E0BCD47005D5C9A /* RoundBtn.swift */ = {isa = PBXFileReference; fileEncoding = 4; lastKnownFileType = sourcecode.swift; path = RoundBtn.swift; sourceTree = "<group>"; };
		823EEADB1E0BD8A3005D5C9A /* FancyField.swift */ = {isa = PBXFileReference; fileEncoding = 4; lastKnownFileType = sourcecode.swift; path = FancyField.swift; sourceTree = "<group>"; };
		823EEADD1E0BDB99005D5C9A /* FancyBtn.swift */ = {isa = PBXFileReference; fileEncoding = 4; lastKnownFileType = sourcecode.swift; path = FancyBtn.swift; sourceTree = "<group>"; };
		825BCDCE1E098F5A00A78E59 /* Social.app */ = {isa = PBXFileReference; explicitFileType = wrapper.application; includeInIndex = 0; path = Social.app; sourceTree = BUILT_PRODUCTS_DIR; };
		825BCDD11E098F5A00A78E59 /* AppDelegate.swift */ = {isa = PBXFileReference; lastKnownFileType = sourcecode.swift; path = AppDelegate.swift; sourceTree = "<group>"; };
		825BCDD31E098F5A00A78E59 /* SignInVC.swift */ = {isa = PBXFileReference; lastKnownFileType = sourcecode.swift; path = SignInVC.swift; sourceTree = "<group>"; };
		825BCDD61E098F5A00A78E59 /* Base */ = {isa = PBXFileReference; lastKnownFileType = file.storyboard; name = Base; path = Base.lproj/Main.storyboard; sourceTree = "<group>"; };
		825BCDD81E098F5A00A78E59 /* Assets.xcassets */ = {isa = PBXFileReference; lastKnownFileType = folder.assetcatalog; path = Assets.xcassets; sourceTree = "<group>"; };
		825BCDDB1E098F5A00A78E59 /* Base */ = {isa = PBXFileReference; lastKnownFileType = file.storyboard; name = Base; path = Base.lproj/LaunchScreen.storyboard; sourceTree = "<group>"; };
		825BCDDD1E098F5A00A78E59 /* Info.plist */ = {isa = PBXFileReference; lastKnownFileType = text.plist.xml; path = Info.plist; sourceTree = "<group>"; };
		825BCDE31E098FC100A78E59 /* GoogleService-Info.plist */ = {isa = PBXFileReference; fileEncoding = 4; lastKnownFileType = text.plist.xml; name = "GoogleService-Info.plist"; path = "../GoogleService-Info.plist"; sourceTree = "<group>"; };
		82FC966E1E0C15A1000F5D3C /* Social.entitlements */ = {isa = PBXFileReference; lastKnownFileType = text.plist.entitlements; path = Social.entitlements; sourceTree = "<group>"; };
		96B9184F955D4257F4D711BD /* Pods_Social.framework */ = {isa = PBXFileReference; explicitFileType = wrapper.framework; includeInIndex = 0; path = Pods_Social.framework; sourceTree = BUILT_PRODUCTS_DIR; };
/* End PBXFileReference section */

/* Begin PBXFrameworksBuildPhase section */
		825BCDCB1E098F5A00A78E59 /* Frameworks */ = {
			isa = PBXFrameworksBuildPhase;
			buildActionMask = 2147483647;
			files = (
				F91757641F50634C5D67FB87 /* Pods_Social.framework in Frameworks */,
			);
			runOnlyForDeploymentPostprocessing = 0;
		};
/* End PBXFrameworksBuildPhase section */

/* Begin PBXGroup section */
		72495D203DB75689DB3B93DE /* Pods */ = {
			isa = PBXGroup;
			children = (
				0EE8F308AC0772DF9289AD81 /* Pods-Social.debug.xcconfig */,
				7EB2356608FEE26A1AF16F5C /* Pods-Social.release.xcconfig */,
			);
			name = Pods;
			sourceTree = "<group>";
		};
		823EEAD61E0BCB1B005D5C9A /* Util */ = {
			isa = PBXGroup;
			children = (
				823EEAD71E0BCB2F005D5C9A /* Contants.swift */,
			);
			name = Util;
			sourceTree = "<group>";
		};
		825BCDC51E098F5A00A78E59 = {
			isa = PBXGroup;
			children = (
				825BCDD01E098F5A00A78E59 /* Social */,
				825BCDCF1E098F5A00A78E59 /* Products */,
				72495D203DB75689DB3B93DE /* Pods */,
				F521010269F889A2C2189220 /* Frameworks */,
			);
			sourceTree = "<group>";
		};
		825BCDCF1E098F5A00A78E59 /* Products */ = {
			isa = PBXGroup;
			children = (
				825BCDCE1E098F5A00A78E59 /* Social.app */,
			);
			name = Products;
			sourceTree = "<group>";
		};
		825BCDD01E098F5A00A78E59 /* Social */ = {
			isa = PBXGroup;
			children = (
				82FC966E1E0C15A1000F5D3C /* Social.entitlements */,
				823EEAD61E0BCB1B005D5C9A /* Util */,
				826FB9581E09928E00D64528 /* Model */,
				826FB9591E09929400D64528 /* View */,
				826FB95A1E09929900D64528 /* Controller */,
				825BCDE31E098FC100A78E59 /* GoogleService-Info.plist */,
				825BCDD11E098F5A00A78E59 /* AppDelegate.swift */,
				825BCDD81E098F5A00A78E59 /* Assets.xcassets */,
				825BCDDA1E098F5A00A78E59 /* LaunchScreen.storyboard */,
				825BCDDD1E098F5A00A78E59 /* Info.plist */,
			);
			path = Social;
			sourceTree = "<group>";
		};
		826FB9581E09928E00D64528 /* Model */ = {
			isa = PBXGroup;
			children = (
			);
			name = Model;
			sourceTree = "<group>";
		};
		826FB9591E09929400D64528 /* View */ = {
			isa = PBXGroup;
			children = (
				825BCDD51E098F5A00A78E59 /* Main.storyboard */,
				823EEAD41E0BCA7A005D5C9A /* FancyView.swift */,
				823EEAD91E0BCD47005D5C9A /* RoundBtn.swift */,
				823EEADB1E0BD8A3005D5C9A /* FancyField.swift */,
				823EEADD1E0BDB99005D5C9A /* FancyBtn.swift */,
			);
			name = View;
			sourceTree = "<group>";
		};
		826FB95A1E09929900D64528 /* Controller */ = {
			isa = PBXGroup;
			children = (
				825BCDD31E098F5A00A78E59 /* SignInVC.swift */,
			);
			name = Controller;
			sourceTree = "<group>";
		};
		F521010269F889A2C2189220 /* Frameworks */ = {
			isa = PBXGroup;
			children = (
				96B9184F955D4257F4D711BD /* Pods_Social.framework */,
			);
			name = Frameworks;
			sourceTree = "<group>";
		};
/* End PBXGroup section */

/* Begin PBXNativeTarget section */
		825BCDCD1E098F5A00A78E59 /* Social */ = {
			isa = PBXNativeTarget;
			buildConfigurationList = 825BCDE01E098F5A00A78E59 /* Build configuration list for PBXNativeTarget "Social" */;
			buildPhases = (
				5EC5550B98B3B5C33D82D2B0 /* [CP] Check Pods Manifest.lock */,
				825BCDCA1E098F5A00A78E59 /* Sources */,
				825BCDCB1E098F5A00A78E59 /* Frameworks */,
				825BCDCC1E098F5A00A78E59 /* Resources */,
				D4D3F0DF41F88DA5C7296E63 /* [CP] Embed Pods Frameworks */,
				7FC82A181D3290A1210075C1 /* [CP] Copy Pods Resources */,
			);
			buildRules = (
			);
			dependencies = (
			);
			name = Social;
			productName = Social;
			productReference = 825BCDCE1E098F5A00A78E59 /* Social.app */;
			productType = "com.apple.product-type.application";
		};
/* End PBXNativeTarget section */

/* Begin PBXProject section */
		825BCDC61E098F5A00A78E59 /* Project object */ = {
			isa = PBXProject;
			attributes = {
				LastSwiftUpdateCheck = 0820;
				LastUpgradeCheck = 0820;
				ORGANIZATIONNAME = mgrdoc;
				TargetAttributes = {
					825BCDCD1E098F5A00A78E59 = {
						CreatedOnToolsVersion = 8.2;
						DevelopmentTeam = 6PNHYCYLK2;
						ProvisioningStyle = Automatic;
						SystemCapabilities = {
							com.apple.Keychain = {
								enabled = 1;
							};
						};
					};
				};
			};
			buildConfigurationList = 825BCDC91E098F5A00A78E59 /* Build configuration list for PBXProject "Social" */;
			compatibilityVersion = "Xcode 3.2";
			developmentRegion = English;
			hasScannedForEncodings = 0;
			knownRegions = (
				en,
				Base,
			);
			mainGroup = 825BCDC51E098F5A00A78E59;
			productRefGroup = 825BCDCF1E098F5A00A78E59 /* Products */;
			projectDirPath = "";
			projectRoot = "";
			targets = (
				825BCDCD1E098F5A00A78E59 /* Social */,
			);
		};
/* End PBXProject section */

/* Begin PBXResourcesBuildPhase section */
		825BCDCC1E098F5A00A78E59 /* Resources */ = {
			isa = PBXResourcesBuildPhase;
			buildActionMask = 2147483647;
			files = (
				825BCDDC1E098F5A00A78E59 /* LaunchScreen.storyboard in Resources */,
				825BCDE41E098FC100A78E59 /* GoogleService-Info.plist in Resources */,
				825BCDD91E098F5A00A78E59 /* Assets.xcassets in Resources */,
				825BCDD71E098F5A00A78E59 /* Main.storyboard in Resources */,
			);
			runOnlyForDeploymentPostprocessing = 0;
		};
/* End PBXResourcesBuildPhase section */

/* Begin PBXShellScriptBuildPhase section */
		5EC5550B98B3B5C33D82D2B0 /* [CP] Check Pods Manifest.lock */ = {
			isa = PBXShellScriptBuildPhase;
			buildActionMask = 2147483647;
			files = (
			);
			inputPaths = (
			);
			name = "[CP] Check Pods Manifest.lock";
			outputPaths = (
			);
			runOnlyForDeploymentPostprocessing = 0;
			shellPath = /bin/sh;
			shellScript = "diff \"${PODS_ROOT}/../Podfile.lock\" \"${PODS_ROOT}/Manifest.lock\" > /dev/null\nif [ $? != 0 ] ; then\n    # print error to STDERR\n    echo \"error: The sandbox is not in sync with the Podfile.lock. Run 'pod install' or update your CocoaPods installation.\" >&2\n    exit 1\nfi\n";
			showEnvVarsInLog = 0;
		};
		7FC82A181D3290A1210075C1 /* [CP] Copy Pods Resources */ = {
			isa = PBXShellScriptBuildPhase;
			buildActionMask = 2147483647;
			files = (
			);
			inputPaths = (
			);
			name = "[CP] Copy Pods Resources";
			outputPaths = (
			);
			runOnlyForDeploymentPostprocessing = 0;
			shellPath = /bin/sh;
			shellScript = "\"${SRCROOT}/Pods/Target Support Files/Pods-Social/Pods-Social-resources.sh\"\n";
			showEnvVarsInLog = 0;
		};
		D4D3F0DF41F88DA5C7296E63 /* [CP] Embed Pods Frameworks */ = {
			isa = PBXShellScriptBuildPhase;
			buildActionMask = 2147483647;
			files = (
			);
			inputPaths = (
			);
			name = "[CP] Embed Pods Frameworks";
			outputPaths = (
			);
			runOnlyForDeploymentPostprocessing = 0;
			shellPath = /bin/sh;
			shellScript = "\"${SRCROOT}/Pods/Target Support Files/Pods-Social/Pods-Social-frameworks.sh\"\n";
			showEnvVarsInLog = 0;
		};
/* End PBXShellScriptBuildPhase section */

/* Begin PBXSourcesBuildPhase section */
		825BCDCA1E098F5A00A78E59 /* Sources */ = {
			isa = PBXSourcesBuildPhase;
			buildActionMask = 2147483647;
			files = (
				823EEADC1E0BD8A3005D5C9A /* FancyField.swift in Sources */,
				825BCDD41E098F5A00A78E59 /* SignInVC.swift in Sources */,
				823EEADA1E0BCD47005D5C9A /* RoundBtn.swift in Sources */,
				825BCDD21E098F5A00A78E59 /* AppDelegate.swift in Sources */,
				823EEAD51E0BCA7A005D5C9A /* FancyView.swift in Sources */,
				823EEAD81E0BCB2F005D5C9A /* Contants.swift in Sources */,
				823EEADE1E0BDB99005D5C9A /* FancyBtn.swift in Sources */,
			);
			runOnlyForDeploymentPostprocessing = 0;
		};
/* End PBXSourcesBuildPhase section */

/* Begin PBXVariantGroup section */
		825BCDD51E098F5A00A78E59 /* Main.storyboard */ = {
			isa = PBXVariantGroup;
			children = (
				825BCDD61E098F5A00A78E59 /* Base */,
			);
			name = Main.storyboard;
			sourceTree = "<group>";
		};
		825BCDDA1E098F5A00A78E59 /* LaunchScreen.storyboard */ = {
			isa = PBXVariantGroup;
			children = (
				825BCDDB1E098F5A00A78E59 /* Base */,
			);
			name = LaunchScreen.storyboard;
			sourceTree = "<group>";
		};
/* End PBXVariantGroup section */

/* Begin XCBuildConfiguration section */
		825BCDDE1E098F5A00A78E59 /* Debug */ = {
			isa = XCBuildConfiguration;
			buildSettings = {
				ALWAYS_SEARCH_USER_PATHS = NO;
				CLANG_ANALYZER_NONNULL = YES;
				CLANG_CXX_LANGUAGE_STANDARD = "gnu++0x";
				CLANG_CXX_LIBRARY = "libc++";
				CLANG_ENABLE_MODULES = YES;
				CLANG_ENABLE_OBJC_ARC = YES;
				CLANG_WARN_BOOL_CONVERSION = YES;
				CLANG_WARN_CONSTANT_CONVERSION = YES;
				CLANG_WARN_DIRECT_OBJC_ISA_USAGE = YES_ERROR;
				CLANG_WARN_DOCUMENTATION_COMMENTS = YES;
				CLANG_WARN_EMPTY_BODY = YES;
				CLANG_WARN_ENUM_CONVERSION = YES;
				CLANG_WARN_INFINITE_RECURSION = YES;
				CLANG_WARN_INT_CONVERSION = YES;
				CLANG_WARN_OBJC_ROOT_CLASS = YES_ERROR;
				CLANG_WARN_SUSPICIOUS_MOVE = YES;
				CLANG_WARN_UNREACHABLE_CODE = YES;
				CLANG_WARN__DUPLICATE_METHOD_MATCH = YES;
				"CODE_SIGN_IDENTITY[sdk=iphoneos*]" = "iPhone Developer";
				COPY_PHASE_STRIP = NO;
				DEBUG_INFORMATION_FORMAT = dwarf;
				ENABLE_STRICT_OBJC_MSGSEND = YES;
				ENABLE_TESTABILITY = YES;
				GCC_C_LANGUAGE_STANDARD = gnu99;
				GCC_DYNAMIC_NO_PIC = NO;
				GCC_NO_COMMON_BLOCKS = YES;
				GCC_OPTIMIZATION_LEVEL = 0;
				GCC_PREPROCESSOR_DEFINITIONS = (
					"DEBUG=1",
					"$(inherited)",
				);
				GCC_WARN_64_TO_32_BIT_CONVERSION = YES;
				GCC_WARN_ABOUT_RETURN_TYPE = YES_ERROR;
				GCC_WARN_UNDECLARED_SELECTOR = YES;
				GCC_WARN_UNINITIALIZED_AUTOS = YES_AGGRESSIVE;
				GCC_WARN_UNUSED_FUNCTION = YES;
				GCC_WARN_UNUSED_VARIABLE = YES;
				IPHONEOS_DEPLOYMENT_TARGET = 10.2;
				MTL_ENABLE_DEBUG_INFO = YES;
				ONLY_ACTIVE_ARCH = YES;
				SDKROOT = iphoneos;
				SWIFT_ACTIVE_COMPILATION_CONDITIONS = DEBUG;
				SWIFT_OPTIMIZATION_LEVEL = "-Onone";
			};
			name = Debug;
		};
		825BCDDF1E098F5A00A78E59 /* Release */ = {
			isa = XCBuildConfiguration;
			buildSettings = {
				ALWAYS_SEARCH_USER_PATHS = NO;
				CLANG_ANALYZER_NONNULL = YES;
				CLANG_CXX_LANGUAGE_STANDARD = "gnu++0x";
				CLANG_CXX_LIBRARY = "libc++";
				CLANG_ENABLE_MODULES = YES;
				CLANG_ENABLE_OBJC_ARC = YES;
				CLANG_WARN_BOOL_CONVERSION = YES;
				CLANG_WARN_CONSTANT_CONVERSION = YES;
				CLANG_WARN_DIRECT_OBJC_ISA_USAGE = YES_ERROR;
				CLANG_WARN_DOCUMENTATION_COMMENTS = YES;
				CLANG_WARN_EMPTY_BODY = YES;
				CLANG_WARN_ENUM_CONVERSION = YES;
				CLANG_WARN_INFINITE_RECURSION = YES;
				CLANG_WARN_INT_CONVERSION = YES;
				CLANG_WARN_OBJC_ROOT_CLASS = YES_ERROR;
				CLANG_WARN_SUSPICIOUS_MOVE = YES;
				CLANG_WARN_UNREACHABLE_CODE = YES;
				CLANG_WARN__DUPLICATE_METHOD_MATCH = YES;
				"CODE_SIGN_IDENTITY[sdk=iphoneos*]" = "iPhone Developer";
				COPY_PHASE_STRIP = NO;
				DEBUG_INFORMATION_FORMAT = "dwarf-with-dsym";
				ENABLE_NS_ASSERTIONS = NO;
				ENABLE_STRICT_OBJC_MSGSEND = YES;
				GCC_C_LANGUAGE_STANDARD = gnu99;
				GCC_NO_COMMON_BLOCKS = YES;
				GCC_WARN_64_TO_32_BIT_CONVERSION = YES;
				GCC_WARN_ABOUT_RETURN_TYPE = YES_ERROR;
				GCC_WARN_UNDECLARED_SELECTOR = YES;
				GCC_WARN_UNINITIALIZED_AUTOS = YES_AGGRESSIVE;
				GCC_WARN_UNUSED_FUNCTION = YES;
				GCC_WARN_UNUSED_VARIABLE = YES;
				IPHONEOS_DEPLOYMENT_TARGET = 10.2;
				MTL_ENABLE_DEBUG_INFO = NO;
				SDKROOT = iphoneos;
				SWIFT_OPTIMIZATION_LEVEL = "-Owholemodule";
				VALIDATE_PRODUCT = YES;
			};
			name = Release;
		};
		825BCDE11E098F5A00A78E59 /* Debug */ = {
			isa = XCBuildConfiguration;
			baseConfigurationReference = 0EE8F308AC0772DF9289AD81 /* Pods-Social.debug.xcconfig */;
			buildSettings = {
				ASSETCATALOG_COMPILER_APPICON_NAME = AppIcon;
				CODE_SIGN_ENTITLEMENTS = Social/Social.entitlements;
				DEVELOPMENT_TEAM = 6PNHYCYLK2;
				INFOPLIST_FILE = Social/Info.plist;
				LD_RUNPATH_SEARCH_PATHS = "$(inherited) @executable_path/Frameworks";
				PRODUCT_BUNDLE_IDENTIFIER = com.mgrdoc.Social;
				PRODUCT_NAME = "$(TARGET_NAME)";
				SWIFT_VERSION = 3.0;
			};
			name = Debug;
		};
		825BCDE21E098F5A00A78E59 /* Release */ = {
			isa = XCBuildConfiguration;
			baseConfigurationReference = 7EB2356608FEE26A1AF16F5C /* Pods-Social.release.xcconfig */;
			buildSettings = {
				ASSETCATALOG_COMPILER_APPICON_NAME = AppIcon;
				CODE_SIGN_ENTITLEMENTS = Social/Social.entitlements;
				DEVELOPMENT_TEAM = 6PNHYCYLK2;
				INFOPLIST_FILE = Social/Info.plist;
				LD_RUNPATH_SEARCH_PATHS = "$(inherited) @executable_path/Frameworks";
				PRODUCT_BUNDLE_IDENTIFIER = com.mgrdoc.Social;
				PRODUCT_NAME = "$(TARGET_NAME)";
				SWIFT_VERSION = 3.0;
			};
			name = Release;
		};
/* End XCBuildConfiguration section */

/* Begin XCConfigurationList section */
		825BCDC91E098F5A00A78E59 /* Build configuration list for PBXProject "Social" */ = {
			isa = XCConfigurationList;
			buildConfigurations = (
				825BCDDE1E098F5A00A78E59 /* Debug */,
				825BCDDF1E098F5A00A78E59 /* Release */,
			);
			defaultConfigurationIsVisible = 0;
			defaultConfigurationName = Release;
		};
		825BCDE01E098F5A00A78E59 /* Build configuration list for PBXNativeTarget "Social" */ = {
			isa = XCConfigurationList;
			buildConfigurations = (
				825BCDE11E098F5A00A78E59 /* Debug */,
				825BCDE21E098F5A00A78E59 /* Release */,
			);
			defaultConfigurationIsVisible = 0;
			defaultConfigurationName = Release;
		};
/* End XCConfigurationList section */
	};
	rootObject = 825BCDC61E098F5A00A78E59 /* Project object */;
}
